
Microsoft Visual Studio Solution File, Format Version 12.00
# Visual Studio Version 16
VisualStudioVersion = 16.0.30114.105
MinimumVisualStudioVersion = 10.0.40219.1
Project("{FAE04EC0-301F-11D3-BF4B-00C04F79EFBC}") = "PS3Lib Checker", "PS3Lib Checker.csproj", "{24AA6CFB-AEBB-4A53-8780-4EED468EF36D}"
EndProject
Global
	GlobalSection(SolutionConfigurationPlatforms) = preSolution
		Debug|Any CPU = Debug|Any CPU
		Release|Any CPU = Release|Any CPU
	EndGlobalSection
	GlobalSection(ProjectConfigurationPlatforms) = postSolution
		{24AA6CFB-AEBB-4A53-8780-4EED468EF36D}.Debug|Any CPU.ActiveCfg = Debug|Any CPU
		{24AA6CFB-AEBB-4A53-8780-4EED468EF36D}.Debug|Any CPU.Build.0 = Debug|Any CPU
		{24AA6CFB-AEBB-4A53-8780-4EED468EF36D}.Release|Any CPU.ActiveCfg = Release|Any CPU
		{24AA6CFB-AEBB-4A53-8780-4EED468EF36D}.Release|Any CPU.Build.0 = Release|Any CPU
	EndGlobalSection
	GlobalSection(SolutionProperties) = preSolution
		HideSolutionNode = FALSE
	EndGlobalSection
	GlobalSection(ExtensibilityGlobals) = postSolution
		SolutionGuid = {37AB1645-35C8-46C9-9067-E84D2001E294}
	EndGlobalSection
EndGlobal
